#MicroXplorer Configuration settings - do not modify
ADC1.Channel-0\#ChannelRegularConversion=ADC_CHANNEL_3
ADC1.Channel-1\#ChannelRegularConversion=ADC_CHANNEL_TEMPSENSOR
ADC1.Channel-2\#ChannelRegularConversion=ADC_CHANNEL_VREFINT
ADC1.Channel-IN3=ADC_CHANNEL_3
ADC1.ChannelTS=ADC_CHANNEL_TEMPSENSOR
ADC1.ClockPrescaler=ADC_CLOCK_ASYNC_DIV1
ADC1.ContinuousConvMode=DISABLE
ADC1.DMAContinuousRequests=DISABLE
ADC1.DataAlign=ADC_DATAALIGN_RIGHT
ADC1.DiscontinuousConvMode=DISABLE
ADC1.EOCSelection=ADC_EOC_SEQ_CONV
ADC1.EnableAnalogWatchDog1=false
ADC1.EnableAnalogWatchDog2=false
ADC1.EnableAnalogWatchDog3=false
ADC1.EnableInjectedConversion=DISABLE
ADC1.EnableRegularConversion=ENABLE
ADC1.ExternalTrigConv=ADC_SOFTWARE_START
ADC1.ExternalTrigConvEdge=ADC_EXTERNALTRIGCONVEDGE_NONE
ADC1.IPParameters=Channel-IN3,ClockPrescaler,Resolution,DataAlign,ScanConvMode,ContinuousConvMode,DiscontinuousConvMode,DMAContinuousRequests,EOCSelection,Overrun,LowPowerAutoWait,EnableRegularConversion,OversamplingMode,ExternalTrigConv,ExternalTrigConvEdge,EnableInjectedConversion,EnableAnalogWatchDog1,EnableAnalogWatchDog2,EnableAnalogWatchDog3,Rank-1\#ChannelRegularConversion,Channel-1\#ChannelRegularConversion,SamplingTime-1\#ChannelRegularConversion,OffsetNumber-1\#ChannelRegularConversion,NbrOfConversionFlag,Channel-0\#ChannelRegularConversion,master,Rank-2\#ChannelRegularConversion,Channel-2\#ChannelRegularConversion,SamplingTime-2\#ChannelRegularConversion,OffsetNumber-2\#ChannelRegularConversion,NbrOfConversion,SamplingTime-0\#ChannelRegularConversion,ChannelTS
ADC1.LowPowerAutoWait=DISABLE
ADC1.NbrOfConversion=2
ADC1.NbrOfConversionFlag=1
ADC1.OffsetNumber-1\#ChannelRegularConversion=ADC_OFFSET_NONE
ADC1.OffsetNumber-2\#ChannelRegularConversion=ADC_OFFSET_NONE
ADC1.Overrun=ADC_OVR_DATA_PRESERVED
ADC1.OversamplingMode=DISABLE
ADC1.Rank-1\#ChannelRegularConversion=1
ADC1.Rank-2\#ChannelRegularConversion=2
ADC1.Resolution=ADC_RESOLUTION_12B
ADC1.SamplingTime-0\#ChannelRegularConversion=ADC_SAMPLETIME_640CYCLES_5
ADC1.SamplingTime-1\#ChannelRegularConversion=ADC_SAMPLETIME_640CYCLES_5
ADC1.SamplingTime-2\#ChannelRegularConversion=ADC_SAMPLETIME_640CYCLES_5
ADC1.ScanConvMode=ADC_SCAN_ENABLE
ADC1.master=1
CRC.IPParameters=InputDataInversionMode,OutputDataInversionMode
CRC.InputDataInversionMode=CRC_INPUTDATA_INVERSION_BYTE
CRC.OutputDataInversionMode=CRC_OUTPUTDATA_INVERSION_ENABLE
Dma.ADC1.0.Direction=DMA_PERIPH_TO_MEMORY
Dma.ADC1.0.Instance=DMA1_Channel1
Dma.ADC1.0.MemDataAlignment=DMA_MDATAALIGN_HALFWORD
Dma.ADC1.0.MemInc=DMA_MINC_ENABLE
Dma.ADC1.0.Mode=DMA_CIRCULAR
Dma.ADC1.0.PeriphDataAlignment=DMA_PDATAALIGN_HALFWORD
Dma.ADC1.0.PeriphInc=DMA_PINC_DISABLE
Dma.ADC1.0.Priority=DMA_PRIORITY_LOW
Dma.ADC1.0.RequestParameters=Instance,Direction,PeriphInc,MemInc,PeriphDataAlignment,MemDataAlignment,Mode,Priority
Dma.I2C2_TX.6.Direction=DMA_MEMORY_TO_PERIPH
Dma.I2C2_TX.6.Instance=DMA1_Channel4
Dma.I2C2_TX.6.MemDataAlignment=DMA_MDATAALIGN_BYTE
Dma.I2C2_TX.6.MemInc=DMA_MINC_ENABLE
Dma.I2C2_TX.6.Mode=DMA_NORMAL
Dma.I2C2_TX.6.PeriphDataAlignment=DMA_PDATAALIGN_BYTE
Dma.I2C2_TX.6.PeriphInc=DMA_PINC_DISABLE
Dma.I2C2_TX.6.Priority=DMA_PRIORITY_LOW
Dma.I2C2_TX.6.RequestParameters=Instance,Direction,PeriphInc,MemInc,PeriphDataAlignment,MemDataAlignment,Mode,Priority
Dma.Request0=ADC1
Dma.Request1=SPI2_TX
Dma.Request2=USART1_TX
Dma.Request3=USART2_TX
Dma.Request4=USART2_RX
Dma.Request5=USART1_RX
Dma.Request6=I2C2_TX
Dma.RequestsNb=7
Dma.SPI2_TX.1.Direction=DMA_MEMORY_TO_PERIPH
Dma.SPI2_TX.1.Instance=DMA1_Channel5
Dma.SPI2_TX.1.MemDataAlignment=DMA_MDATAALIGN_BYTE
Dma.SPI2_TX.1.MemInc=DMA_MINC_ENABLE
Dma.SPI2_TX.1.Mode=DMA_NORMAL
Dma.SPI2_TX.1.PeriphDataAlignment=DMA_PDATAALIGN_BYTE
Dma.SPI2_TX.1.PeriphInc=DMA_PINC_DISABLE
Dma.SPI2_TX.1.Priority=DMA_PRIORITY_HIGH
Dma.SPI2_TX.1.RequestParameters=Instance,Direction,PeriphInc,MemInc,PeriphDataAlignment,MemDataAlignment,Mode,Priority
Dma.USART1_RX.5.Direction=DMA_PERIPH_TO_MEMORY
Dma.USART1_RX.5.Instance=DMA2_Channel7
Dma.USART1_RX.5.MemDataAlignment=DMA_MDATAALIGN_BYTE
Dma.USART1_RX.5.MemInc=DMA_MINC_ENABLE
Dma.USART1_RX.5.Mode=DMA_CIRCULAR
Dma.USART1_RX.5.PeriphDataAlignment=DMA_PDATAALIGN_BYTE
Dma.USART1_RX.5.PeriphInc=DMA_PINC_DISABLE
Dma.USART1_RX.5.Priority=DMA_PRIORITY_LOW
Dma.USART1_RX.5.RequestParameters=Instance,Direction,PeriphInc,MemInc,PeriphDataAlignment,MemDataAlignment,Mode,Priority
Dma.USART1_TX.2.Direction=DMA_MEMORY_TO_PERIPH
Dma.USART1_TX.2.Instance=DMA2_Channel6
Dma.USART1_TX.2.MemDataAlignment=DMA_MDATAALIGN_BYTE
Dma.USART1_TX.2.MemInc=DMA_MINC_ENABLE
Dma.USART1_TX.2.Mode=DMA_NORMAL
Dma.USART1_TX.2.PeriphDataAlignment=DMA_PDATAALIGN_BYTE
Dma.USART1_TX.2.PeriphInc=DMA_PINC_DISABLE
Dma.USART1_TX.2.Priority=DMA_PRIORITY_LOW
Dma.USART1_TX.2.RequestParameters=Instance,Direction,PeriphInc,MemInc,PeriphDataAlignment,MemDataAlignment,Mode,Priority
Dma.USART2_RX.4.Direction=DMA_PERIPH_TO_MEMORY
Dma.USART2_RX.4.Instance=DMA1_Channel6
Dma.USART2_RX.4.MemDataAlignment=DMA_MDATAALIGN_BYTE
Dma.USART2_RX.4.MemInc=DMA_MINC_ENABLE
Dma.USART2_RX.4.Mode=DMA_CIRCULAR
Dma.USART2_RX.4.PeriphDataAlignment=DMA_PDATAALIGN_BYTE
Dma.USART2_RX.4.PeriphInc=DMA_PINC_DISABLE
Dma.USART2_RX.4.Priority=DMA_PRIORITY_LOW
Dma.USART2_RX.4.RequestParameters=Instance,Direction,PeriphInc,MemInc,PeriphDataAlignment,MemDataAlignment,Mode,Priority
Dma.USART2_TX.3.Direction=DMA_MEMORY_TO_PERIPH
Dma.USART2_TX.3.Instance=DMA1_Channel7
Dma.USART2_TX.3.MemDataAlignment=DMA_MDATAALIGN_BYTE
Dma.USART2_TX.3.MemInc=DMA_MINC_ENABLE
Dma.USART2_TX.3.Mode=DMA_NORMAL
Dma.USART2_TX.3.PeriphDataAlignment=DMA_PDATAALIGN_BYTE
Dma.USART2_TX.3.PeriphInc=DMA_PINC_DISABLE
Dma.USART2_TX.3.Priority=DMA_PRIORITY_LOW
Dma.USART2_TX.3.RequestParameters=Instance,Direction,PeriphInc,MemInc,PeriphDataAlignment,MemDataAlignment,Mode,Priority
FREERTOS.FootprintOK=false
FREERTOS.HEAP_NUMBER=4
FREERTOS.INCLUDE_eTaskGetState=0
FREERTOS.INCLUDE_pcTaskGetTaskName=1
FREERTOS.INCLUDE_uxTaskGetStackHighWaterMark=1
FREERTOS.INCLUDE_uxTaskPriorityGet=1
FREERTOS.INCLUDE_vTaskCleanUpResources=0
FREERTOS.INCLUDE_vTaskDelay=1
FREERTOS.INCLUDE_vTaskDelayUntil=1
FREERTOS.INCLUDE_vTaskDelete=1
FREERTOS.INCLUDE_vTaskPrioritySet=1
FREERTOS.INCLUDE_vTaskSuspend=1
FREERTOS.INCLUDE_xEventGroupSetBitFromISR=1
FREERTOS.INCLUDE_xQueueGetMutexHolder=0
FREERTOS.INCLUDE_xSemaphoreGetMutexHolder=0
FREERTOS.INCLUDE_xTaskAbortDelay=0
FREERTOS.INCLUDE_xTaskGetCurrentTaskHandle=1
FREERTOS.INCLUDE_xTaskGetHandle=0
FREERTOS.INCLUDE_xTaskGetSchedulerState=1
FREERTOS.INCLUDE_xTaskResumeFromISR=1
FREERTOS.INCLUDE_xTimerPendFunctionCall=1
FREERTOS.IPParameters=Tasks01,configCHECK_FOR_STACK_OVERFLOW,configUSE_TIMERS,configUSE_MALLOC_FAILED_HOOK,INCLUDE_vTaskDelayUntil,INCLUDE_pcTaskGetTaskName,INCLUDE_uxTaskGetStackHighWaterMark,INCLUDE_xTaskGetCurrentTaskHandle,configUSE_PREEMPTION,MEMORY_ALLOCATION,configTICK_RATE_HZ,configMAX_PRIORITIES,configMAX_TASK_NAME_LEN,configIDLE_SHOULD_YIELD,configUSE_MUTEXES,configUSE_RECURSIVE_MUTEXES,configUSE_COUNTING_SEMAPHORES,configQUEUE_REGISTRY_SIZE,configUSE_APPLICATION_TASK_TAG,configTOTAL_HEAP_SIZE,HEAP_NUMBER,configUSE_IDLE_HOOK,configUSE_TICK_HOOK,configUSE_DAEMON_TASK_STARTUP_HOOK,configGENERATE_RUN_TIME_STATS,configUSE_TRACE_FACILITY,configUSE_STATS_FORMATTING_FUNCTIONS,configUSE_CO_ROUTINES,configMAX_CO_ROUTINE_PRIORITIES,configTIMER_TASK_PRIORITY,configTIMER_QUEUE_LENGTH,configTIMER_TASK_STACK_DEPTH,configLIBRARY_LOWEST_INTERRUPT_PRIORITY,configLIBRARY_MAX_SYSCALL_INTERRUPT_PRIORITY,INCLUDE_vTaskPrioritySet,INCLUDE_uxTaskPriorityGet,INCLUDE_vTaskDelete,INCLUDE_vTaskCleanUpResources,INCLUDE_vTaskSuspend,INCLUDE_vTaskDelay,INCLUDE_xTaskGetSchedulerState,INCLUDE_xTaskResumeFromISR,INCLUDE_xQueueGetMutexHolder,INCLUDE_xSemaphoreGetMutexHolder,INCLUDE_eTaskGetState,INCLUDE_xEventGroupSetBitFromISR,INCLUDE_xTimerPendFunctionCall,configENABLE_BACKWARD_COMPATIBILITY,configUSE_TICKLESS_IDLE,configUSE_TASK_NOTIFICATIONS,INCLUDE_xTaskAbortDelay,INCLUDE_xTaskGetHandle,configRECORD_STACK_HIGH_ADDRESS,configMINIMAL_STACK_SIZE,FootprintOK
FREERTOS.MEMORY_ALLOCATION=2
FREERTOS.Tasks01=defaultTask,0,750,StartDefaultTask,Default,NULL,Dynamic,NULL,NULL
FREERTOS.configCHECK_FOR_STACK_OVERFLOW=2
FREERTOS.configENABLE_BACKWARD_COMPATIBILITY=1
FREERTOS.configGENERATE_RUN_TIME_STATS=0
FREERTOS.configIDLE_SHOULD_YIELD=1
FREERTOS.configLIBRARY_LOWEST_INTERRUPT_PRIORITY=15
FREERTOS.configLIBRARY_MAX_SYSCALL_INTERRUPT_PRIORITY=5
FREERTOS.configMAX_CO_ROUTINE_PRIORITIES=2
FREERTOS.configMAX_PRIORITIES=7
FREERTOS.configMAX_TASK_NAME_LEN=16
FREERTOS.configMINIMAL_STACK_SIZE=512
FREERTOS.configQUEUE_REGISTRY_SIZE=8
FREERTOS.configRECORD_STACK_HIGH_ADDRESS=0
FREERTOS.configTICK_RATE_HZ=1000
FREERTOS.configTIMER_QUEUE_LENGTH=10
FREERTOS.configTIMER_TASK_PRIORITY=2
FREERTOS.configTIMER_TASK_STACK_DEPTH=768
FREERTOS.configTOTAL_HEAP_SIZE=3200
FREERTOS.configUSE_APPLICATION_TASK_TAG=0
FREERTOS.configUSE_COUNTING_SEMAPHORES=0
FREERTOS.configUSE_CO_ROUTINES=0
FREERTOS.configUSE_DAEMON_TASK_STARTUP_HOOK=0
FREERTOS.configUSE_IDLE_HOOK=0
FREERTOS.configUSE_MALLOC_FAILED_HOOK=1
FREERTOS.configUSE_MUTEXES=1
FREERTOS.configUSE_PREEMPTION=1
FREERTOS.configUSE_RECURSIVE_MUTEXES=0
FREERTOS.configUSE_STATS_FORMATTING_FUNCTIONS=0
FREERTOS.configUSE_TASK_NOTIFICATIONS=1
FREERTOS.configUSE_TICKLESS_IDLE=0
FREERTOS.configUSE_TICK_HOOK=0
FREERTOS.configUSE_TIMERS=1
FREERTOS.configUSE_TRACE_FACILITY=1
File.Version=6
GPIO.groupedBy=Group By Peripherals
I2C1.AddressingMode=I2C_ADDRESSINGMODE_7BIT
I2C1.Analog_Filter=I2C_ANALOGFILTER_ENABLE
I2C1.DualAddressMode=I2C_DUALADDRESS_DISABLE
I2C1.GeneralCallMode=I2C_GENERALCALL_DISABLE
I2C1.I2C_Coeff_DF=0
I2C1.I2C_Fall_Time=0
I2C1.I2C_Rise_Time=0
I2C1.I2C_Speed_Mode=I2C_Standard
I2C1.IPParameters=I2C_Speed_Mode,Speed,I2C_Rise_Time,I2C_Fall_Time,I2C_Coeff_DF,Analog_Filter,NoStretchMode,GeneralCallMode,AddressingMode,DualAddressMode,OwnAddress,Timing
I2C1.NoStretchMode=I2C_NOSTRETCH_DISABLE
I2C1.OwnAddress=0
I2C1.Speed=50
I2C1.Timing=0x40202EBE
I2C2.AddressingMode=I2C_ADDRESSINGMODE_7BIT
I2C2.Analog_Filter=I2C_ANALOGFILTER_ENABLE
I2C2.DualAddressMode=I2C_DUALADDRESS_DISABLE
I2C2.GeneralCallMode=I2C_GENERALCALL_DISABLE
I2C2.I2C_Coeff_DF=0
I2C2.I2C_Fall_Time=0
I2C2.I2C_Rise_Time=0
I2C2.I2C_Speed_Mode=I2C_Standard
I2C2.IPParameters=I2C_Speed_Mode,Speed,I2C_Rise_Time,I2C_Fall_Time,I2C_Coeff_DF,Analog_Filter,NoStretchMode,GeneralCallMode,AddressingMode,DualAddressMode,OwnAddress,Timing
I2C2.NoStretchMode=I2C_NOSTRETCH_DISABLE
I2C2.OwnAddress=0
I2C2.Speed=100
I2C2.Timing=0x107075B0
I2C3.AddressingMode=I2C_ADDRESSINGMODE_7BIT
I2C3.Analog_Filter=I2C_ANALOGFILTER_ENABLE
I2C3.DualAddressMode=I2C_DUALADDRESS_DISABLE
I2C3.GeneralCallMode=I2C_GENERALCALL_DISABLE
I2C3.I2C_Coeff_DF=0
I2C3.I2C_Fall_Time=0
I2C3.I2C_Rise_Time=0
I2C3.I2C_Speed_Mode=I2C_Standard
I2C3.IPParameters=I2C_Speed_Mode,Speed,I2C_Rise_Time,I2C_Fall_Time,I2C_Coeff_DF,Analog_Filter,NoStretchMode,GeneralCallMode,AddressingMode,DualAddressMode,OwnAddress,Timing
I2C3.NoStretchMode=I2C_NOSTRETCH_DISABLE
I2C3.OwnAddress=0
I2C3.Speed=50
I2C3.Timing=0x40202EBE
IWDG.IPParameters=Prescaler
IWDG.Prescaler=IWDG_PRESCALER_32
KeepUserPlacement=false
Mcu.Family=STM32L4
Mcu.IP0=ADC1
Mcu.IP1=CRC
Mcu.IP10=RCC
Mcu.IP11=RTC
Mcu.IP12=SPI2
Mcu.IP13=SYS
Mcu.IP14=TIM2
Mcu.IP15=TIM6
Mcu.IP16=TIM15
Mcu.IP17=TOUCHSENSING
Mcu.IP18=TSC
Mcu.IP19=USART1
Mcu.IP2=DMA
Mcu.IP20=USART2
Mcu.IP21=WWDG
Mcu.IP3=FREERTOS
Mcu.IP4=I2C1
Mcu.IP5=I2C2
Mcu.IP6=I2C3
Mcu.IP7=IWDG
Mcu.IP8=NVIC
Mcu.IP9=QUADSPI
Mcu.IPNb=22
Mcu.Name=STM32L451R(C-E)Tx
Mcu.Package=LQFP64
Mcu.Pin0=PC13
Mcu.Pin1=PC14-OSC32_IN (PC14)
Mcu.Pin10=PA1
Mcu.Pin11=PA2
Mcu.Pin12=PA3
Mcu.Pin13=PA4
Mcu.Pin14=PA5
Mcu.Pin15=PA6
Mcu.Pin16=PA7
Mcu.Pin17=PC4
Mcu.Pin18=PC5
Mcu.Pin19=PB0
Mcu.Pin2=PC15-OSC32_OUT (PC15)
Mcu.Pin20=PB1
Mcu.Pin21=PB2
Mcu.Pin22=PB10
Mcu.Pin23=PB11
Mcu.Pin24=PB12
Mcu.Pin25=PB13
Mcu.Pin26=PB14
Mcu.Pin27=PB15
Mcu.Pin28=PC6
Mcu.Pin29=PC7
Mcu.Pin3=PH0-OSC_IN (PH0)
Mcu.Pin30=PC8
Mcu.Pin31=PC9
Mcu.Pin32=PA8
Mcu.Pin33=PA9
Mcu.Pin34=PA10
Mcu.Pin35=PA11
Mcu.Pin36=PA12
Mcu.Pin37=PA13 (JTMS/SWDIO)
Mcu.Pin38=PA14 (JTCK/SWCLK)
Mcu.Pin39=PA15 (JTDI)
Mcu.Pin4=PH1-OSC_OUT (PH1)
Mcu.Pin40=PC10
Mcu.Pin41=PC11
Mcu.Pin42=PC12
Mcu.Pin43=PD2
Mcu.Pin44=PB3 (JTDO/TRACESWO)
Mcu.Pin45=PB4 (NJTRST)
Mcu.Pin46=PB5
Mcu.Pin47=PB6
Mcu.Pin48=PB7
Mcu.Pin49=PH3-BOOT0 (BOOT0)
Mcu.Pin5=PC0
Mcu.Pin50=PB8
Mcu.Pin51=PB9
Mcu.Pin52=VP_ADC1_TempSens_Input
Mcu.Pin53=VP_ADC1_Vref_Input
Mcu.Pin54=VP_CRC_VS_CRC
Mcu.Pin55=VP_FREERTOS_VS_CMSIS_V1
Mcu.Pin56=VP_IWDG_VS_IWDG
Mcu.Pin57=VP_RTC_VS_RTC_Activate
Mcu.Pin58=VP_SYS_VS_tim16
Mcu.Pin59=VP_TIM6_VS_ClockSourceINT
Mcu.Pin6=PC1
Mcu.Pin60=VP_TOUCHSENSING_VS_TOUCHSENSING
Mcu.Pin61=VP_WWDG_VS_WWDG
Mcu.Pin7=PC2
Mcu.Pin8=PC3
Mcu.Pin9=PA0
Mcu.PinsNb=62
Mcu.ThirdPartyNb=0
Mcu.UserConstants=configUSE_TRACE_FACILITY,1
Mcu.UserName=STM32L451RCTx
MxCube.Version=6.0.1
MxDb.Version=DB.6.0.0
NVIC.ADC1_IRQn=true\:5\:0\:false\:false\:true\:true\:true\:true
NVIC.BusFault_IRQn=true\:0\:0\:false\:false\:true\:false\:false\:false
NVIC.DMA1_Channel1_IRQn=true\:5\:0\:false\:false\:true\:true\:false\:true
NVIC.DMA1_Channel4_IRQn=true\:5\:0\:false\:false\:true\:true\:false\:true
NVIC.DMA1_Channel5_IRQn=true\:5\:0\:false\:false\:true\:true\:false\:true
NVIC.DMA1_Channel6_IRQn=true\:5\:0\:false\:false\:true\:true\:false\:true
NVIC.DMA1_Channel7_IRQn=true\:5\:0\:false\:false\:true\:true\:false\:true
NVIC.DMA2_Channel6_IRQn=true\:5\:0\:false\:false\:true\:true\:false\:true
NVIC.DMA2_Channel7_IRQn=true\:5\:0\:false\:false\:true\:true\:false\:true
NVIC.DebugMonitor_IRQn=true\:0\:0\:false\:false\:true\:false\:false\:false
NVIC.EXTI15_10_IRQn=true\:5\:0\:true\:false\:true\:false\:true\:true
NVIC.EXTI2_IRQn=true\:5\:0\:true\:false\:true\:false\:true\:true
NVIC.EXTI3_IRQn=true\:5\:0\:true\:false\:true\:false\:true\:true
NVIC.EXTI9_5_IRQn=true\:5\:0\:true\:false\:true\:false\:true\:true
NVIC.ForceEnableDMAVector=true
NVIC.HardFault_IRQn=true\:0\:0\:false\:false\:true\:false\:false\:false
NVIC.I2C1_ER_IRQn=true\:5\:0\:false\:false\:true\:true\:true\:true
NVIC.I2C1_EV_IRQn=true\:5\:0\:false\:false\:true\:true\:true\:true
NVIC.I2C2_ER_IRQn=true\:5\:0\:false\:false\:true\:true\:true\:true
NVIC.I2C2_EV_IRQn=true\:5\:0\:false\:false\:true\:true\:true\:true
NVIC.MemoryManagement_IRQn=true\:0\:0\:false\:false\:true\:false\:false\:false
NVIC.NonMaskableInt_IRQn=true\:0\:0\:false\:false\:true\:false\:false\:false
NVIC.PendSV_IRQn=true\:15\:0\:false\:false\:false\:true\:false\:false
NVIC.PriorityGroup=NVIC_PRIORITYGROUP_4
NVIC.QUADSPI_IRQn=true\:5\:0\:true\:false\:true\:false\:true\:true
NVIC.SPI2_IRQn=true\:5\:0\:false\:false\:true\:true\:true\:true
NVIC.SVCall_IRQn=true\:0\:0\:false\:false\:false\:false\:false\:false
NVIC.SavedPendsvIrqHandlerGenerated=true
NVIC.SavedSvcallIrqHandlerGenerated=true
NVIC.SavedSystickIrqHandlerGenerated=true
NVIC.SysTick_IRQn=true\:15\:0\:false\:false\:false\:true\:false\:false
NVIC.TIM1_UP_TIM16_IRQn=true\:0\:0\:false\:false\:true\:false\:false\:true
NVIC.TIM6_DAC_IRQn=true\:5\:0\:false\:false\:true\:true\:true\:true
NVIC.TSC_IRQn=true\:5\:0\:true\:false\:true\:false\:true\:true
NVIC.TimeBase=TIM1_UP_TIM16_IRQn
NVIC.TimeBaseIP=TIM16
NVIC.USART1_IRQn=true\:5\:0\:false\:false\:true\:true\:true\:true
NVIC.USART2_IRQn=true\:5\:0\:false\:false\:true\:true\:true\:true
NVIC.UsageFault_IRQn=true\:0\:0\:false\:false\:true\:false\:false\:false
NVIC.WWDG_IRQn=true\:0\:0\:false\:false\:true\:false\:true\:true
PA0.GPIOParameters=GPIO_Label
PA0.GPIO_Label=FRONTLED
PA0.Signal=S_TIM2_CH1
PA1.GPIOParameters=GPIO_Label
PA1.GPIO_Label=VBZ_EN
PA1.Locked=true
PA1.Mode=PWM Generation1 CH1N
PA1.Signal=TIM15_CH1N
PA10.GPIOParameters=GPIO_Speed,GPIO_Label
PA10.GPIO_Label=BZR
PA10.GPIO_Speed=GPIO_SPEED_FREQ_HIGH
PA10.Locked=true
PA10.Signal=GPIO_Output
PA11.GPIOParameters=GPIO_PuPd,GPIO_Label
PA11.GPIO_Label=REV_ID_2
PA11.GPIO_PuPd=GPIO_PULLUP
PA11.Locked=true
PA11.Signal=GPIO_Input
PA12.GPIOParameters=GPIO_PuPd,GPIO_Label
PA12.GPIO_Label=REV_ID_3
PA12.GPIO_PuPd=GPIO_PULLUP
PA12.Locked=true
PA12.Signal=GPIO_Input
PA13\ (JTMS/SWDIO).Mode=Serial_Wire
PA13\ (JTMS/SWDIO).Signal=SYS_JTMS-SWDIO
PA14\ (JTCK/SWCLK).Mode=Serial_Wire
PA14\ (JTCK/SWCLK).Signal=SYS_JTCK-SWCLK
PA15\ (JTDI).GPIOParameters=GPIO_Label
PA15\ (JTDI).GPIO_Label=BLE_TX
PA15\ (JTDI).Mode=Asynchronous
PA15\ (JTDI).Signal=USART2_RX
PA2.GPIOParameters=GPIO_Label
PA2.GPIO_Label=BLE_RX
PA2.Mode=Asynchronous
PA2.Signal=USART2_TX
PA3.GPIOParameters=GPIO_Label
PA3.GPIO_Label=QSPI_SCLK
PA3.Mode=Single Bank 1
PA3.Signal=QUADSPI_CLK
PA4.GPIOParameters=GPIO_PuPd,GPIO_Label
PA4.GPIO_Label=REV_ID_1
PA4.GPIO_PuPd=GPIO_PULLUP
PA4.Locked=true
PA4.Signal=GPIO_Input
PA5.GPIOParameters=GPIO_PuPd,GPIO_Label
PA5.GPIO_Label=nCHG
PA5.GPIO_PuPd=GPIO_PULLUP
PA5.Locked=true
PA5.Signal=GPXTI5
PA6.GPIOParameters=GPIO_Label
PA6.GPIO_Label=QSPI_IO3
PA6.Mode=Single Bank 1
PA6.Signal=QUADSPI_BK1_IO3
PA7.GPIOParameters=GPIO_Label
PA7.GPIO_Label=QSPI_IO2
PA7.Mode=Single Bank 1
PA7.Signal=QUADSPI_BK1_IO2
PA8.GPIOParameters=GPIO_Label
PA8.GPIO_Label=INT_MAG
PA8.Locked=true
PA8.Signal=GPXTI8
PA9.GPIOParameters=GPIO_Label
PA9.GPIO_Label=CPU_DEBUG_TX
PA9.Mode=Asynchronous
PA9.Signal=USART1_TX
PB0.GPIOParameters=GPIO_Label
PB0.GPIO_Label=QSPI_IO1
PB0.Mode=Single Bank 1
PB0.Signal=QUADSPI_BK1_IO1
PB1.GPIOParameters=GPIO_Label
PB1.GPIO_Label=QSPI_IO0
PB1.Mode=Single Bank 1
PB1.Signal=QUADSPI_BK1_IO0
PB10.GPIOParameters=GPIO_Label
PB10.GPIO_Label=LED_I2C_SCL
PB10.Mode=I2C
PB10.Signal=I2C2_SCL
PB11.GPIOParameters=GPIO_Label
PB11.GPIO_Label=QSPI_nCS
PB11.Mode=Single Bank 1
PB11.Signal=QUADSPI_BK1_NCS
PB12.Mode=G1_IO1-Sampling
PB12.Signal=TSC_G1_IO1
PB13.GPIOParameters=GPIO_Label
PB13.GPIO_Label=OLED_SCLK
PB13.Mode=TX_Only_Simplex_Unidirect_Master
PB13.Signal=SPI2_SCK
PB14.GPIOParameters=GPIO_Label
PB14.GPIO_Label=LED_I2C_SDA
PB14.Mode=I2C
PB14.Signal=I2C2_SDA
PB15.Mode=G1_IO4-Shield
PB15.Signal=TSC_G1_IO4
PB2.GPIOParameters=GPIO_Label
PB2.GPIO_Label=INT_1_XL
PB2.Locked=true
PB2.Signal=GPXTI2
PB3\ (JTDO/TRACESWO).GPIOParameters=GPIO_Label
PB3\ (JTDO/TRACESWO).GPIO_Label=INT_2_XL
PB3\ (JTDO/TRACESWO).Locked=true
PB3\ (JTDO/TRACESWO).Signal=GPXTI3
PB4\ (NJTRST).Mode=G2_IO1-Channel
PB4\ (NJTRST).Signal=TSC_G2_IO1
PB5.Mode=G2_IO2-Sampling
PB5.Signal=TSC_G2_IO2
PB6.GPIOParameters=GPIO_Label
PB6.GPIO_Label=SENSORS_I2C_SCL
PB6.Mode=I2C
PB6.Signal=I2C1_SCL
PB7.GPIOParameters=GPIO_Label
PB7.GPIO_Label=CPU_DEBUG_RX
PB7.Mode=Asynchronous
PB7.Signal=USART1_RX
PB8.GPIOParameters=GPIO_Label
PB8.GPIO_Label=SENSORS_EN
PB8.Locked=true
PB8.Signal=GPIO_Output
PB9.GPIOParameters=GPIO_Label
PB9.GPIO_Label=SENSORS_I2C_SDA
PB9.Mode=I2C
PB9.Signal=I2C1_SDA
PC0.GPIOParameters=GPIO_Label
PC0.GPIO_Label=TOUCH_I2C_SCL
PC0.Mode=I2C
PC0.Signal=I2C3_SCL
PC1.GPIOParameters=GPIO_Label
PC1.GPIO_Label=TOUCH_I2C_SDA
PC1.Mode=I2C
PC1.Signal=I2C3_SDA
PC10.GPIOParameters=GPIO_Label
PC10.GPIO_Label=PRE_USB_RESET
PC10.Locked=true
PC10.Signal=GPXTI10
PC11.Mode=G3_IO3-Sampling
PC11.Signal=TSC_G3_IO3
PC12.Mode=G3_IO4-Channel
PC12.Signal=TSC_G3_IO4
PC13.GPIOParameters=GPIO_Label
PC13.GPIO_Label=OLED_VDD_PWR_EN
PC13.Locked=true
PC13.Signal=GPIO_Output
PC14-OSC32_IN\ (PC14).GPIOParameters=GPIO_Label
PC14-OSC32_IN\ (PC14).GPIO_Label=EN_VLED
PC14-OSC32_IN\ (PC14).Locked=true
PC14-OSC32_IN\ (PC14).Signal=GPIO_Output
PC15-OSC32_OUT\ (PC15).GPIOParameters=GPIO_Label
PC15-OSC32_OUT\ (PC15).GPIO_Label=BLE_EN
PC15-OSC32_OUT\ (PC15).Locked=true
PC15-OSC32_OUT\ (PC15).Signal=GPIO_Output
PC2.GPIOParameters=GPIO_Label
PC2.GPIO_Label=VBAT_AN
PC2.Locked=true
PC2.Signal=ADCx_IN3
PC3.GPIOParameters=GPIO_Label
PC3.GPIO_Label=OLED_SDIN
PC3.Mode=TX_Only_Simplex_Unidirect_Master
PC3.Signal=SPI2_MOSI
PC4.GPIOParameters=GPIO_Speed,GPIO_Label
PC4.GPIO_Label=OLED_CS
PC4.GPIO_Speed=GPIO_SPEED_FREQ_HIGH
PC4.Locked=true
PC4.Signal=GPIO_Output
PC5.GPIOParameters=GPIO_Label
PC5.GPIO_Label=OLED_RES
PC5.Locked=true
PC5.Signal=GPIO_Output
PC6.GPIOParameters=GPIO_Speed,GPIO_Label
PC6.GPIO_Label=OLED_DC
PC6.GPIO_Speed=GPIO_SPEED_FREQ_HIGH
PC6.Locked=true
PC6.Signal=GPIO_Output
PC7.GPIOParameters=GPIO_Label
PC7.GPIO_Label=OLED_VCC_PWR_EN
PC7.Locked=true
PC7.Signal=GPIO_Output
PC8.Mode=G4_IO3-Channel
PC8.Signal=TSC_G4_IO3
PC9.Mode=G4_IO4-Sampling
PC9.Signal=TSC_G4_IO4
PD2.GPIOParameters=GPIO_Label
PD2.GPIO_Label=LED_SDB
PD2.Locked=true
PD2.Signal=GPIO_Output
PH0-OSC_IN\ (PH0).GPIOParameters=GPIO_PuPd,GPIO_Label
PH0-OSC_IN\ (PH0).GPIO_Label=REV_ID_0
PH0-OSC_IN\ (PH0).GPIO_PuPd=GPIO_PULLUP
PH0-OSC_IN\ (PH0).Locked=true
PH0-OSC_IN\ (PH0).Signal=GPIO_Input
PH1-OSC_OUT\ (PH1).GPIOParameters=GPIO_Label
PH1-OSC_OUT\ (PH1).GPIO_Label=VBZ_LDO_EN
PH1-OSC_OUT\ (PH1).Locked=true
PH1-OSC_OUT\ (PH1).Signal=GPIO_Output
PH3-BOOT0\ (BOOT0).GPIOParameters=GPIO_Label
PH3-BOOT0\ (BOOT0).GPIO_Label=BOOT
PH3-BOOT0\ (BOOT0).Locked=true
PH3-BOOT0\ (BOOT0).Signal=GPIO_Input
PinOutPanel.RotationAngle=0
ProjectManager.AskForMigrate=true
ProjectManager.BackupPrevious=false
ProjectManager.CompilerOptimize=6
ProjectManager.ComputerToolchain=false
ProjectManager.CoupleFile=true
ProjectManager.CustomerFirmwarePackage=
ProjectManager.DefaultFWLocation=true
ProjectManager.DeletePrevious=true
ProjectManager.DeviceId=STM32L451RCTx
ProjectManager.FirmwarePackage=STM32Cube FW_L4 V1.16.0
ProjectManager.FreePins=true
ProjectManager.HalAssertFull=true
ProjectManager.HeapSize=0x200
ProjectManager.KeepUserCode=true
ProjectManager.LastFirmware=true
ProjectManager.LibraryCopy=1
ProjectManager.MainLocation=Src
ProjectManager.NoMain=false
ProjectManager.PreviousToolchain=TrueSTUDIO
ProjectManager.ProjectBuild=false
ProjectManager.ProjectFileName=SmartHaloV2.ioc
ProjectManager.ProjectName=SmartHaloV2
ProjectManager.RegisterCallBack=
ProjectManager.StackSize=0x400
ProjectManager.TargetToolchain=Makefile
ProjectManager.ToolChainLocation=
ProjectManager.UnderRoot=false
ProjectManager.functionlistsort=1-MX_GPIO_Init-GPIO-false-HAL-true,2-MX_DMA_Init-DMA-false-HAL-true,3-MX_ADC1_Init-ADC1-false-HAL-true,4-MX_I2C1_Init-I2C1-false-HAL-true,5-MX_I2C2_Init-I2C2-false-HAL-true,6-MX_QUADSPI_Init-QUADSPI-false-HAL-true,7-MX_SPI2_Init-SPI2-false-HAL-true,8-MX_TIM2_Init-TIM2-false-HAL-true,9-MX_TSC_Init-TSC-false-HAL-true,10-MX_USART1_UART_Init-USART1-false-HAL-true,11-MX_USART2_UART_Init-USART2-false-HAL-true,12-MX_TOUCHSENSING_Init-TOUCHSENSING-false-HAL-false,13-MX_I2C3_Init-I2C3-false-HAL-true,14-SystemClock_Config-RCC-false-HAL-false,15-MX_TIM15_Init-TIM15-false-HAL-true,16-MX_CRC_Init-CRC-false-HAL-true,17-MX_IWDG_Init-IWDG-false-HAL-true,18-MX_WWDG_Init-WWDG-false-HAL-true,19-MX_RTC_Init-RTC-false-HAL-true,20-MX_TIM6_Init-TIM6-false-HAL-true
QUADSPI.ChipSelectHighTime=QSPI_CS_HIGH_TIME_2_CYCLE
QUADSPI.ClockMode=QSPI_CLOCK_MODE_0
QUADSPI.ClockPrescaler=2
QUADSPI.DualFlash=QSPI_DUALFLASH_DISABLE
QUADSPI.FifoThreshold=1
QUADSPI.FlashID=QSPI_FLASH_ID_1
QUADSPI.FlashSize=21
QUADSPI.IPParameters=ClockPrescaler,FifoThreshold,SampleShifting,FlashSize,ChipSelectHighTime,ClockMode,FlashID,DualFlash
QUADSPI.SampleShifting=QSPI_SAMPLE_SHIFTING_NONE
RCC.ADCCLockSelection=RCC_ADCCLKSOURCE_SYSCLK
RCC.ADCFreq_Value=60000000
RCC.AHBFreq_Value=60000000
RCC.APB1Freq_Value=60000000
RCC.APB1TimFreq_Value=60000000
RCC.APB2Freq_Value=60000000
RCC.APB2TimFreq_Value=60000000
RCC.CortexFreq_Value=60000000
RCC.DFSDMFreq_Value=60000000
RCC.FCLKCortexFreq_Value=60000000
RCC.FLatency=FLASH_LATENCY_3
RCC.FamilyName=M
RCC.HCLKFreq_Value=60000000
RCC.HSE_VALUE=8000000
RCC.HSI48_VALUE=48000000
RCC.HSI_VALUE=16000000
RCC.I2C1Freq_Value=60000000
RCC.I2C2Freq_Value=60000000
RCC.I2C3Freq_Value=60000000
RCC.I2C4Freq_Value=60000000
RCC.IPParameters=ADCCLockSelection,ADCFreq_Value,AHBFreq_Value,APB1Freq_Value,APB1TimFreq_Value,APB2Freq_Value,APB2TimFreq_Value,CortexFreq_Value,DFSDMFreq_Value,FCLKCortexFreq_Value,FLatency,FamilyName,HCLKFreq_Value,HSE_VALUE,HSI48_VALUE,HSI_VALUE,I2C1Freq_Value,I2C2Freq_Value,I2C3Freq_Value,I2C4Freq_Value,LPTIM1Freq_Value,LPTIM2Freq_Value,LPUART1Freq_Value,LSCOPinFreq_Value,LSE_VALUE,LSI_VALUE,MCO1PinFreq_Value,MSI_VALUE,PLLN,PLLPoutputFreq_Value,PLLQoutputFreq_Value,PLLRCLKFreq_Value,PLLSAI1N,PLLSAI1PoutputFreq_Value,PLLSAI1QoutputFreq_Value,PLLSAI1RoutputFreq_Value,PWRFreq_Value,RNGFreq_Value,SAI1Freq_Value,SDMMCFreq_Value,SYSCLKFreq_VALUE,SYSCLKSource,UART4Freq_Value,USART1Freq_Value,USART2CLockSelection,USART2Freq_Value,USART3Freq_Value,VCOInputFreq_Value,VCOOutputFreq_Value,VCOSAI1OutputFreq_Value,VDD_VALUE
RCC.LPTIM1Freq_Value=60000000
RCC.LPTIM2Freq_Value=60000000
RCC.LPUART1Freq_Value=60000000
RCC.LSCOPinFreq_Value=32000
RCC.LSE_VALUE=32768
RCC.LSI_VALUE=32000
RCC.MCO1PinFreq_Value=60000000
RCC.MSI_VALUE=4000000
RCC.PLLN=30
RCC.PLLPoutputFreq_Value=17142857.14285714
RCC.PLLQoutputFreq_Value=60000000
RCC.PLLRCLKFreq_Value=60000000
RCC.PLLSAI1N=16
RCC.PLLSAI1PoutputFreq_Value=9142857.142857144
RCC.PLLSAI1QoutputFreq_Value=32000000
RCC.PLLSAI1RoutputFreq_Value=32000000
RCC.PWRFreq_Value=60000000
RCC.RNGFreq_Value=32000000
RCC.SAI1Freq_Value=9142857.142857144
RCC.SDMMCFreq_Value=32000000
RCC.SYSCLKFreq_VALUE=60000000
RCC.SYSCLKSource=RCC_SYSCLKSOURCE_PLLCLK
RCC.UART4Freq_Value=60000000
RCC.USART1Freq_Value=60000000
RCC.USART2CLockSelection=RCC_USART2CLKSOURCE_HSI
RCC.USART2Freq_Value=16000000
RCC.USART3Freq_Value=60000000
RCC.VCOInputFreq_Value=4000000
RCC.VCOOutputFreq_Value=120000000
RCC.VCOSAI1OutputFreq_Value=64000000
RCC.VDD_VALUE=2.8
RTC.AsynchPrediv=7
RTC.IPParameters=SynchPrediv,AsynchPrediv
RTC.SynchPrediv=4034
SH.ADCx_IN3.0=ADC1_IN3,IN3-Single-Ended
SH.ADCx_IN3.ConfNb=1
SH.GPXTI10.0=GPIO_EXTI10
SH.GPXTI10.ConfNb=1
SH.GPXTI2.0=GPIO_EXTI2
SH.GPXTI2.ConfNb=1
SH.GPXTI3.0=GPIO_EXTI3
SH.GPXTI3.ConfNb=1
SH.GPXTI5.0=GPIO_EXTI5
SH.GPXTI5.ConfNb=1
SH.GPXTI8.0=GPIO_EXTI8
SH.GPXTI8.ConfNb=1
SH.S_TIM2_CH1.0=TIM2_CH1,PWM Generation1 CH1
SH.S_TIM2_CH1.ConfNb=1
SPI2.BaudRatePrescaler=SPI_BAUDRATEPRESCALER_16
SPI2.CLKPhase=SPI_PHASE_2EDGE
SPI2.CLKPolarity=SPI_POLARITY_HIGH
SPI2.CRCCalculation=SPI_CRCCALCULATION_DISABLE
SPI2.CalculateBaudRate=3.75 MBits/s
SPI2.DataSize=SPI_DATASIZE_8BIT
SPI2.Direction=SPI_DIRECTION_2LINES
SPI2.FirstBit=SPI_FIRSTBIT_MSB
SPI2.IPParameters=TIMode,DataSize,FirstBit,BaudRatePrescaler,CLKPolarity,CLKPhase,CRCCalculation,NSS,VirtualType,Mode,Direction,CalculateBaudRate
SPI2.Mode=SPI_MODE_MASTER
SPI2.NSS=SPI_NSS_SOFT
SPI2.TIMode=SPI_TIMODE_DISABLE
SPI2.VirtualType=VM_MASTER
TIM15.AutomaticOutput=TIM_AUTOMATICOUTPUT_DISABLE
TIM15.Channel-PWM\ Generation1\ CH1N=TIM_CHANNEL_1
TIM15.IPParameters=Period,AutomaticOutput,Channel-PWM Generation1 CH1N,Pulse-PWM Generation1 CH1N,OCMode_PWM-PWM Generation1 CH1N
TIM15.OCMode_PWM-PWM\ Generation1\ CH1N=TIM_OCMODE_PWM1
TIM15.Period=1000
TIM15.Pulse-PWM\ Generation1\ CH1N=0
TIM2.AutoReloadPreload=TIM_AUTORELOAD_PRELOAD_DISABLE
TIM2.Channel-PWM\ Generation1\ CH1=TIM_CHANNEL_1
TIM2.ClearInputSource=TIM_CLEARINPUTSOURCE_NONE
TIM2.ClockDivision=TIM_CLOCKDIVISION_DIV1
TIM2.CounterMode=TIM_COUNTERMODE_UP
TIM2.IPParameters=Prescaler,CounterMode,Period,ClockDivision,AutoReloadPreload,TIM_MasterSlaveMode,TIM_MasterOutputTrigger,ClearInputSource,OCMode_PWM-PWM Generation1 CH1,Pulse-PWM Generation1 CH1,OCFastMode_PWM-PWM Generation1 CH1,OCPolarity_1,Channel-PWM Generation1 CH1
TIM2.OCFastMode_PWM-PWM\ Generation1\ CH1=TIM_OCFAST_DISABLE
TIM2.OCMode_PWM-PWM\ Generation1\ CH1=TIM_OCMODE_PWM1
TIM2.OCPolarity_1=TIM_OCPOLARITY_HIGH
TIM2.Period=100
TIM2.Prescaler=3000
TIM2.Pulse-PWM\ Generation1\ CH1=0
TIM2.TIM_MasterOutputTrigger=TIM_TRGO_RESET
TIM2.TIM_MasterSlaveMode=TIM_MASTERSLAVEMODE_DISABLE
TIM6.AutoReloadPreload=TIM_AUTORELOAD_PRELOAD_DISABLE
TIM6.IPParameters=Prescaler,Period,AutoReloadPreload
TIM6.Period=290
TIM6.Prescaler=1000
TOUCHSENSING.IO_3CH_LIN_H_NBR1_CH1=G3_IO4
TOUCHSENSING.IO_3CH_LIN_H_NBR1_CH2=G4_IO3
TOUCHSENSING.IO_3CH_LIN_H_NBR1_CH3=G2_IO1
TOUCHSENSING.IO_3CH_LIN_M1_NBR1_CH1-TouchSensing_Enabled=G2_IO1
TOUCHSENSING.IPParameters=IO_3CH_LIN_M1_NBR1_CH1-TouchSensing_Enabled,TSLPRM_USE_3CH_LIN_M2,TSLPRM_USE_3CH_LIN_H,TSLPRM_USE_3CH_ROT_M,TSLPRM_USE_4CH_LIN_M1,TSLPRM_USE_4CH_LIN_M2,TSLPRM_USE_4CH_LIN_H,TSLPRM_USE_4CH_ROT_M,TSLPRM_USE_5CH_LIN_M1,TSLPRM_USE_5CH_LIN_M2,TSLPRM_USE_5CH_LIN_H,TSLPRM_USE_5CH_ROT_M,TSLPRM_USE_5CH_ROT_D,TSLPRM_USE_6CH_LIN_M1,TSLPRM_USE_6CH_LIN_M2,TSLPRM_USE_6CH_LIN_H,TSLPRM_USE_6CH_ROT_M,TSLPRM_TOTAL_TOUCHKEYS,TSLPRM_TOTAL_TOUCHKEYS_B,TSLPRM_USE_MEAS,TSLPRM_USE_PROX,TSLPRM_ACQ_MIN,TSLPRM_CALIB_SAMPLES,TSLPRM_CALIB_DELAY,TSLPRM_TKEY_PROX_IN_TH,TSLPRM_TKEY_PROX_OUT_TH,TSLPRM_TKEY_DETECT_IN_TH,TSLPRM_TKEY_DETECT_OUT_TH,TSLPRM_TKEY_CALIB_TH,TSLPRM_COEFF_TH,TSLPRM_LINROT_PROX_IN_TH,TSLPRM_LINROT_PROX_OUT_TH,TSLPRM_LINROT_DETECT_IN_TH,TSLPRM_LINROT_DETECT_OUT_TH,TSLPRM_LINROT_CALIB_TH,TSLPRM_LINROT_USE_NORMDELTA,TSLPRM_LINROT_RESOLUTION,TSLPRM_LINROT_DIR_CHG_POS,TSLPRM_LINROT_DIR_CHG_DEB,TSLPRM_DEBOUNCE_PROX,TSLPRM_DEBOUNCE_DETECT,TSLPRM_DEBOUNCE_RELEASE,TSLPRM_DEBOUNCE_CALIB,TSLPRM_DEBOUNCE_ERROR,TSLPRM_ECS_K_SLOW,TSLPRM_ECS_K_FAST,TSLPRM_ECS_DELAY,TSLPRM_DTO,TSLPRM_USE_DXS,TSLPRM_TICK_FREQ,TSLPRM_DELAY_DISCHARGE_ALL,TSLPRM_USE_3CH_LIN_H_NBR,IO_3CH_LIN_H_NBR1_CH1,IO_3CH_LIN_H_NBR1_CH2,IO_3CH_LIN_H_NBR1_CH3,TSLPRM_SENSORS_DATAS
TOUCHSENSING.TSLPRM_ACQ_MIN=10
TOUCHSENSING.TSLPRM_CALIB_DELAY=0
TOUCHSENSING.TSLPRM_CALIB_SAMPLES=4
TOUCHSENSING.TSLPRM_COEFF_TH=0
TOUCHSENSING.TSLPRM_DEBOUNCE_CALIB=3
TOUCHSENSING.TSLPRM_DEBOUNCE_DETECT=2
TOUCHSENSING.TSLPRM_DEBOUNCE_ERROR=3
TOUCHSENSING.TSLPRM_DEBOUNCE_PROX=2
TOUCHSENSING.TSLPRM_DEBOUNCE_RELEASE=2
TOUCHSENSING.TSLPRM_DELAY_DISCHARGE_ALL=1000
TOUCHSENSING.TSLPRM_DTO=0
TOUCHSENSING.TSLPRM_ECS_DELAY=500
TOUCHSENSING.TSLPRM_ECS_K_FAST=20
TOUCHSENSING.TSLPRM_ECS_K_SLOW=10
TOUCHSENSING.TSLPRM_LINROT_CALIB_TH=80
TOUCHSENSING.TSLPRM_LINROT_DETECT_IN_TH=80
TOUCHSENSING.TSLPRM_LINROT_DETECT_OUT_TH=75
TOUCHSENSING.TSLPRM_LINROT_DIR_CHG_DEB=1
TOUCHSENSING.TSLPRM_LINROT_DIR_CHG_POS=10
TOUCHSENSING.TSLPRM_LINROT_PROX_IN_TH=10
TOUCHSENSING.TSLPRM_LINROT_PROX_OUT_TH=5
TOUCHSENSING.TSLPRM_LINROT_RESOLUTION=4
TOUCHSENSING.TSLPRM_LINROT_USE_NORMDELTA=0
TOUCHSENSING.TSLPRM_SENSORS_DATAS=TSLPRM_USE_3CH_LIN_H_NBR1 1 3 
TOUCHSENSING.TSLPRM_TICK_FREQ=1000
TOUCHSENSING.TSLPRM_TKEY_CALIB_TH=120
TOUCHSENSING.TSLPRM_TKEY_DETECT_IN_TH=120
TOUCHSENSING.TSLPRM_TKEY_DETECT_OUT_TH=110
TOUCHSENSING.TSLPRM_TKEY_PROX_IN_TH=10
TOUCHSENSING.TSLPRM_TKEY_PROX_OUT_TH=5
TOUCHSENSING.TSLPRM_TOTAL_TOUCHKEYS=0
TOUCHSENSING.TSLPRM_TOTAL_TOUCHKEYS_B=0
TOUCHSENSING.TSLPRM_USE_3CH_LIN_H=1
TOUCHSENSING.TSLPRM_USE_3CH_LIN_H_NBR=1
TOUCHSENSING.TSLPRM_USE_3CH_LIN_M2=0
TOUCHSENSING.TSLPRM_USE_3CH_ROT_M=0
TOUCHSENSING.TSLPRM_USE_4CH_LIN_H=0
TOUCHSENSING.TSLPRM_USE_4CH_LIN_M1=0
TOUCHSENSING.TSLPRM_USE_4CH_LIN_M2=0
TOUCHSENSING.TSLPRM_USE_4CH_ROT_M=0
TOUCHSENSING.TSLPRM_USE_5CH_LIN_H=0
TOUCHSENSING.TSLPRM_USE_5CH_LIN_M1=0
TOUCHSENSING.TSLPRM_USE_5CH_LIN_M2=0
TOUCHSENSING.TSLPRM_USE_5CH_ROT_D=0
TOUCHSENSING.TSLPRM_USE_5CH_ROT_M=0
TOUCHSENSING.TSLPRM_USE_6CH_LIN_H=0
TOUCHSENSING.TSLPRM_USE_6CH_LIN_M1=0
TOUCHSENSING.TSLPRM_USE_6CH_LIN_M2=0
TOUCHSENSING.TSLPRM_USE_6CH_ROT_M=0
TOUCHSENSING.TSLPRM_USE_DXS=0
TOUCHSENSING.TSLPRM_USE_MEAS=1
TOUCHSENSING.TSLPRM_USE_PROX=1
TSC.AcquisitionMode=TSC_ACQ_MODE_NORMAL
TSC.CTPulseHighLength=TSC_CTPH_2CYCLES
TSC.CTPulseLowLength=TSC_CTPL_2CYCLES
TSC.ChannelIOs-G2_IO1=TSC_GROUP2_IO1
TSC.ChannelIOs-G3_IO4=TSC_GROUP3_IO4
TSC.ChannelIOs-G4_IO3=TSC_GROUP4_IO3
TSC.IODefaultMode=TSC_IODEF_OUT_PP_LOW
TSC.IPParameters=CTPulseHighLength,CTPulseLowLength,SpreadSpectrum,PulseGeneratorPrescaler,MaxCountValue,IODefaultMode,AcquisitionMode,SamplingIOs-G1_IO1,ShieldIOs-G1_IO4,SamplingIOs-G2_IO2,ChannelIOs-G2_IO1,SamplingIOs-G3_IO3,ChannelIOs-G3_IO4,SamplingIOs-G4_IO4,ChannelIOs-G4_IO3
TSC.MaxCountValue=TSC_MCV_8191
TSC.PulseGeneratorPrescaler=TSC_PG_PRESC_DIV4
TSC.SamplingIOs-G1_IO1=TSC_GROUP1_IO1
TSC.SamplingIOs-G2_IO2=TSC_GROUP2_IO2
TSC.SamplingIOs-G3_IO3=TSC_GROUP3_IO3
TSC.SamplingIOs-G4_IO4=TSC_GROUP4_IO4
TSC.ShieldIOs-G1_IO4=TSC_GROUP1_IO4
TSC.SpreadSpectrum=DISABLE
USART1.AutoBaudRateEnableParam=UART_ADVFEATURE_AUTOBAUDRATE_DISABLE
USART1.BaudRate=115200
USART1.DMADisableonRxErrorParam=ADVFEATURE_DMA_ENABLEONRXERROR
USART1.DataInvertParam=ADVFEATURE_DATAINV_DISABLE
USART1.IPParameters=BaudRate,WordLength,Parity,StopBits,Mode,OverSampling,OneBitSampling,AutoBaudRateEnableParam,TxPinLevelInvertParam,RxPinLevelInvertParam,DataInvertParam,SwapParam,OverrunDisableParam,DMADisableonRxErrorParam,MSBFirstParam,VirtualMode-Asynchronous
USART1.MSBFirstParam=ADVFEATURE_MSBFIRST_DISABLE
USART1.Mode=MODE_TX_RX
USART1.OneBitSampling=UART_ONE_BIT_SAMPLE_DISABLE
USART1.OverSampling=UART_OVERSAMPLING_16
USART1.OverrunDisableParam=ADVFEATURE_OVERRUN_ENABLE
USART1.Parity=PARITY_NONE
USART1.RxPinLevelInvertParam=ADVFEATURE_RXINV_DISABLE
USART1.StopBits=STOPBITS_1
USART1.SwapParam=ADVFEATURE_SWAP_DISABLE
USART1.TxPinLevelInvertParam=ADVFEATURE_TXINV_DISABLE
USART1.VirtualMode-Asynchronous=VM_ASYNC
USART1.WordLength=WORDLENGTH_8B
USART2.AutoBaudRateEnableParam=UART_ADVFEATURE_AUTOBAUDRATE_DISABLE
USART2.BaudRate=115200
USART2.DMADisableonRxErrorParam=ADVFEATURE_DMA_ENABLEONRXERROR
USART2.DataInvertParam=ADVFEATURE_DATAINV_DISABLE
USART2.IPParameters=BaudRate,WordLength,Parity,StopBits,Mode,OverSampling,OneBitSampling,AutoBaudRateEnableParam,TxPinLevelInvertParam,RxPinLevelInvertParam,DataInvertParam,SwapParam,OverrunDisableParam,DMADisableonRxErrorParam,MSBFirstParam,VirtualMode-Asynchronous
USART2.MSBFirstParam=ADVFEATURE_MSBFIRST_DISABLE
USART2.Mode=MODE_TX_RX
USART2.OneBitSampling=UART_ONE_BIT_SAMPLE_DISABLE
USART2.OverSampling=UART_OVERSAMPLING_16
USART2.OverrunDisableParam=ADVFEATURE_OVERRUN_ENABLE
USART2.Parity=PARITY_NONE
USART2.RxPinLevelInvertParam=ADVFEATURE_RXINV_DISABLE
USART2.StopBits=STOPBITS_1
USART2.SwapParam=ADVFEATURE_SWAP_DISABLE
USART2.TxPinLevelInvertParam=ADVFEATURE_TXINV_DISABLE
USART2.VirtualMode-Asynchronous=VM_ASYNC
USART2.WordLength=WORDLENGTH_8B
VP_ADC1_TempSens_Input.Mode=IN-TempSens
VP_ADC1_TempSens_Input.Signal=ADC1_TempSens_Input
VP_ADC1_Vref_Input.Mode=IN-Vrefint
VP_ADC1_Vref_Input.Signal=ADC1_Vref_Input
VP_CRC_VS_CRC.Mode=CRC_Activate
VP_CRC_VS_CRC.Signal=CRC_VS_CRC
VP_FREERTOS_VS_CMSIS_V1.Mode=CMSIS_V1
VP_FREERTOS_VS_CMSIS_V1.Signal=FREERTOS_VS_CMSIS_V1
VP_IWDG_VS_IWDG.Mode=IWDG_Activate
VP_IWDG_VS_IWDG.Signal=IWDG_VS_IWDG
VP_RTC_VS_RTC_Activate.Mode=RTC_Enabled
VP_RTC_VS_RTC_Activate.Signal=RTC_VS_RTC_Activate
VP_SYS_VS_tim16.Mode=TIM16
VP_SYS_VS_tim16.Signal=SYS_VS_tim16
VP_TIM6_VS_ClockSourceINT.Mode=Enable_Timer
VP_TIM6_VS_ClockSourceINT.Signal=TIM6_VS_ClockSourceINT
VP_TOUCHSENSING_VS_TOUCHSENSING.Mode=TouchSensing_Enabled
VP_TOUCHSENSING_VS_TOUCHSENSING.Signal=TOUCHSENSING_VS_TOUCHSENSING
VP_WWDG_VS_WWDG.Mode=WWDG_Activate
VP_WWDG_VS_WWDG.Signal=WWDG_VS_WWDG
WWDG.Counter=127
WWDG.EWIMode=WWDG_EWI_ENABLE
WWDG.IPParameters=Prescaler,Window,Counter,EWIMode
WWDG.Prescaler=WWDG_PRESCALER_8
WWDG.Window=127
board=custom
